{
  "originHash" : "f8ffc95c16d2b1c5ffd218a0d90d31aba301c42f460a9772bab2686eb9909aa7",
  "pins" : [
    {
      "identity" : "swiftuicalendar",
      "kind" : "remoteSourceControl",
      "location" : "https://github.com/GGJJack/SwiftUICalendar",
      "state" : {
        "revision" : "7ecd220909bc25529e35e2addb513a20abbfec82",
        "version" : "0.1.14"
      }
    },
    {
      "identity" : "swiftychrono",
      "kind" : "remoteSourceControl",
      "location" : "https://github.com/4ndrewHarri5/SwiftyChrono.git",
      "state" : {
        "revision" : "137f41a52812361986e2b5e3331d76dbd7153e77",
        "version" : "1.2.1"
      }
    }
  ],
  "version" : 3
}
