// !$*UTF8*$!
{
	archiveVersion = 1;
	classes = {
	};
	objectVersion = 77;
	objects = {

/* Begin PBXBuildFile section */
		2D015F462DC66FC800BA53B1 /* ElegantCalendar in Frameworks */ = {isa = PBXBuildFile; productRef = 2D015F452DC66FC800BA53B1 /* ElegantCalendar */; };
		2D015F492DC6722600BA53B1 /* SwiftUICalendar in Frameworks */ = {isa = PBXBuildFile; productRef = 2D015F482DC6722600BA53B1 /* SwiftUICalendar */; };
/* End PBXBuildFile section */

/* Begin PBXContainerItemProxy section */
		2D7BB7722DC2BAF100840843 /* PBXContainerItemProxy */ = {
			isa = PBXContainerItemProxy;
			containerPortal = 2D7BB75C2DC2BAF000840843 /* Project object */;
			proxyType = 1;
			remoteGlobalIDString = 2D7BB7632DC2BAF000840843;
			remoteInfo = ToDoList;
		};
		2D7BB77C2DC2BAF100840843 /* PBXContainerItemProxy */ = {
			isa = PBXContainerItemProxy;
			containerPortal = 2D7BB75C2DC2BAF000840843 /* Project object */;
			proxyType = 1;
			remoteGlobalIDString = 2D7BB7632DC2BAF000840843;
			remoteInfo = ToDoList;
		};
/* End PBXContainerItemProxy section */

/* Begin PBXFileReference section */
		2D7BB7642DC2BAF000840843 /* Taskify.app */ = {isa = PBXFileReference; explicitFileType = wrapper.application; includeInIndex = 0; path = Taskify.app; sourceTree = BUILT_PRODUCTS_DIR; };
		2D7BB7712DC2BAF100840843 /* TaskifyTests.xctest */ = {isa = PBXFileReference; explicitFileType = wrapper.cfbundle; includeInIndex = 0; path = TaskifyTests.xctest; sourceTree = BUILT_PRODUCTS_DIR; };
		2D7BB77B2DC2BAF100840843 /* TaskifyUITests.xctest */ = {isa = PBXFileReference; explicitFileType = wrapper.cfbundle; includeInIndex = 0; path = TaskifyUITests.xctest; sourceTree = BUILT_PRODUCTS_DIR; };
/* End PBXFileReference section */

/* Begin PBXFileSystemSynchronizedRootGroup section */
		2D7BB7662DC2BAF000840843 /* Taskify */ = {
			isa = PBXFileSystemSynchronizedRootGroup;
			path = Taskify;
			sourceTree = "<group>";
		};
		2D7BB7742DC2BAF100840843 /* TaskifyTests */ = {
			isa = PBXFileSystemSynchronizedRootGroup;
			path = TaskifyTests;
			sourceTree = "<group>";
		};
		2D7BB77E2DC2BAF100840843 /* TaskifyUITests */ = {
			isa = PBXFileSystemSynchronizedRootGroup;
			path = TaskifyUITests;
			sourceTree = "<group>";
		};
/* End PBXFileSystemSynchronizedRootGroup section */

/* Begin PBXFrameworksBuildPhase section */
		2D7BB7612DC2BAF000840843 /* Frameworks */ = {
			isa = PBXFrameworksBuildPhase;
			buildActionMask = 2147483647;
			files = (
				2D015F492DC6722600BA53B1 /* SwiftUICalendar in Frameworks */,
				2D015F462DC66FC800BA53B1 /* ElegantCalendar in Frameworks */,
			);
			runOnlyForDeploymentPostprocessing = 0;
		};
		2D7BB76E2DC2BAF100840843 /* Frameworks */ = {
			isa = PBXFrameworksBuildPhase;
			buildActionMask = 2147483647;
			files = (
			);
			runOnlyForDeploymentPostprocessing = 0;
		};
		2D7BB7782DC2BAF100840843 /* Frameworks */ = {
			isa = PBXFrameworksBuildPhase;
			buildActionMask = 2147483647;
			files = (
			);
			runOnlyForDeploymentPostprocessing = 0;
		};
/* End PBXFrameworksBuildPhase section */

/* Begin PBXGroup section */
		2D7BB75B2DC2BAF000840843 = {
			isa = PBXGroup;
			children = (
				2D7BB7662DC2BAF000840843 /* Taskify */,
				2D7BB7742DC2BAF100840843 /* TaskifyTests */,
				2D7BB77E2DC2BAF100840843 /* TaskifyUITests */,
				2D7BB7652DC2BAF000840843 /* Products */,
			);
			sourceTree = "<group>";
		};
		2D7BB7652DC2BAF000840843 /* Products */ = {
			isa = PBXGroup;
			children = (
				2D7BB7642DC2BAF000840843 /* Taskify.app */,
				2D7BB7712DC2BAF100840843 /* TaskifyTests.xctest */,
				2D7BB77B2DC2BAF100840843 /* TaskifyUITests.xctest */,
			);
			name = Products;
			sourceTree = "<group>";
		};
/* End PBXGroup section */

/* Begin PBXNativeTarget section */
		2D7BB7632DC2BAF000840843 /* Taskify */ = {
			isa = PBXNativeTarget;
			buildConfigurationList = 2D7BB7852DC2BAF100840843 /* Build configuration list for PBXNativeTarget "Taskify" */;
			buildPhases = (
				2D7BB7602DC2BAF000840843 /* Sources */,
				2D7BB7612DC2BAF000840843 /* Frameworks */,
				2D7BB7622DC2BAF000840843 /* Resources */,
			);
			buildRules = (
			);
			dependencies = (
			);
			fileSystemSynchronizedGroups = (
				2D7BB7662DC2BAF000840843 /* Taskify */,
			);
			name = Taskify;
			packageProductDependencies = (
				2D015F452DC66FC800BA53B1 /* ElegantCalendar */,
				2D015F482DC6722600BA53B1 /* SwiftUICalendar */,
			);
			productName = ToDoList;
			productReference = 2D7BB7642DC2BAF000840843 /* Taskify.app */;
			productType = "com.apple.product-type.application";
		};
		2D7BB7702DC2BAF100840843 /* TaskifyTests */ = {
			isa = PBXNativeTarget;
			buildConfigurationList = 2D7BB7882DC2BAF100840843 /* Build configuration list for PBXNativeTarget "TaskifyTests" */;
			buildPhases = (
				2D7BB76D2DC2BAF100840843 /* Sources */,
				2D7BB76E2DC2BAF100840843 /* Frameworks */,
				2D7BB76F2DC2BAF100840843 /* Resources */,
			);
			buildRules = (
			);
			dependencies = (
				2D7BB7732DC2BAF100840843 /* PBXTargetDependency */,
			);
			fileSystemSynchronizedGroups = (
				2D7BB7742DC2BAF100840843 /* TaskifyTests */,
			);
			name = TaskifyTests;
			packageProductDependencies = (
			);
			productName = ToDoListTests;
			productReference = 2D7BB7712DC2BAF100840843 /* TaskifyTests.xctest */;
			productType = "com.apple.product-type.bundle.unit-test";
		};
		2D7BB77A2DC2BAF100840843 /* TaskifyUITests */ = {
			isa = PBXNativeTarget;
			buildConfigurationList = 2D7BB78B2DC2BAF100840843 /* Build configuration list for PBXNativeTarget "TaskifyUITests" */;
			buildPhases = (
				2D7BB7772DC2BAF100840843 /* Sources */,
				2D7BB7782DC2BAF100840843 /* Frameworks */,
				2D7BB7792DC2BAF100840843 /* Resources */,
			);
			buildRules = (
			);
			dependencies = (
				2D7BB77D2DC2BAF100840843 /* PBXTargetDependency */,
			);
			fileSystemSynchronizedGroups = (
				2D7BB77E2DC2BAF100840843 /* TaskifyUITests */,
			);
			name = TaskifyUITests;
			packageProductDependencies = (
			);
			productName = ToDoListUITests;
			productReference = 2D7BB77B2DC2BAF100840843 /* TaskifyUITests.xctest */;
			productType = "com.apple.product-type.bundle.ui-testing";
		};
/* End PBXNativeTarget section */

/* Begin PBXProject section */
		2D7BB75C2DC2BAF000840843 /* Project object */ = {
			isa = PBXProject;
			attributes = {
				BuildIndependentTargetsInParallel = 1;
				LastSwiftUpdateCheck = 1630;
				LastUpgradeCheck = 1630;
				TargetAttributes = {
					2D7BB7632DC2BAF000840843 = {
						CreatedOnToolsVersion = 16.3;
					};
					2D7BB7702DC2BAF100840843 = {
						CreatedOnToolsVersion = 16.3;
						TestTargetID = 2D7BB7632DC2BAF000840843;
					};
					2D7BB77A2DC2BAF100840843 = {
						CreatedOnToolsVersion = 16.3;
						TestTargetID = 2D7BB7632DC2BAF000840843;
					};
				};
			};
			buildConfigurationList = 2D7BB75F2DC2BAF000840843 /* Build configuration list for PBXProject "Taskify" */;
			developmentRegion = en;
			hasScannedForEncodings = 0;
			knownRegions = (
				en,
				Base,
			);
			mainGroup = 2D7BB75B2DC2BAF000840843;
			minimizedProjectReferenceProxies = 1;
			packageReferences = (
				2D015F442DC66F9D00BA53B1 /* XCRemoteSwiftPackageReference "ElegantCalendar" */,
				2D015F472DC671CF00BA53B1 /* XCRemoteSwiftPackageReference "SwiftUICalendar" */,
			);
			preferredProjectObjectVersion = 77;
			productRefGroup = 2D7BB7652DC2BAF000840843 /* Products */;
			projectDirPath = "";
			projectRoot = "";
			targets = (
				2D7BB7632DC2BAF000840843 /* Taskify */,
				2D7BB7702DC2BAF100840843 /* TaskifyTests */,
				2D7BB77A2DC2BAF100840843 /* TaskifyUITests */,
			);
		};
/* End PBXProject section */

/* Begin PBXResourcesBuildPhase section */
		2D7BB7622DC2BAF000840843 /* Resources */ = {
			isa = PBXResourcesBuildPhase;
			buildActionMask = 2147483647;
			files = (
			);
			runOnlyForDeploymentPostprocessing = 0;
		};
		2D7BB76F2DC2BAF100840843 /* Resources */ = {
			isa = PBXResourcesBuildPhase;
			buildActionMask = 2147483647;
			files = (
			);
			runOnlyForDeploymentPostprocessing = 0;
		};
		2D7BB7792DC2BAF100840843 /* Resources */ = {
			isa = PBXResourcesBuildPhase;
			buildActionMask = 2147483647;
			files = (
			);
			runOnlyForDeploymentPostprocessing = 0;
		};
/* End PBXResourcesBuildPhase section */

/* Begin PBXSourcesBuildPhase section */
		2D7BB7602DC2BAF000840843 /* Sources */ = {
			isa = PBXSourcesBuildPhase;
			buildActionMask = 2147483647;
			files = (
			);
			runOnlyForDeploymentPostprocessing = 0;
		};
		2D7BB76D2DC2BAF100840843 /* Sources */ = {
			isa = PBXSourcesBuildPhase;
			buildActionMask = 2147483647;
			files = (
			);
			runOnlyForDeploymentPostprocessing = 0;
		};
		2D7BB7772DC2BAF100840843 /* Sources */ = {
			isa = PBXSourcesBuildPhase;
			buildActionMask = 2147483647;
			files = (
			);
			runOnlyForDeploymentPostprocessing = 0;
		};
/* End PBXSourcesBuildPhase section */

/* Begin PBXTargetDependency section */
		2D7BB7732DC2BAF100840843 /* PBXTargetDependency */ = {
			isa = PBXTargetDependency;
			target = 2D7BB7632DC2BAF000840843 /* Taskify */;
			targetProxy = 2D7BB7722DC2BAF100840843 /* PBXContainerItemProxy */;
		};
		2D7BB77D2DC2BAF100840843 /* PBXTargetDependency */ = {
			isa = PBXTargetDependency;
			target = 2D7BB7632DC2BAF000840843 /* Taskify */;
			targetProxy = 2D7BB77C2DC2BAF100840843 /* PBXContainerItemProxy */;
		};
/* End PBXTargetDependency section */

/* Begin XCBuildConfiguration section */
		2D7BB7832DC2BAF100840843 /* Debug */ = {
			isa = XCBuildConfiguration;
			buildSettings = {
				ALWAYS_SEARCH_USER_PATHS = NO;
				ASSETCATALOG_COMPILER_GENERATE_SWIFT_ASSET_SYMBOL_EXTENSIONS = YES;
				CLANG_ANALYZER_NONNULL = YES;
				CLANG_ANALYZER_NUMBER_OBJECT_CONVERSION = YES_AGGRESSIVE;
				CLANG_CXX_LANGUAGE_STANDARD = "gnu++20";
				CLANG_ENABLE_MODULES = YES;
				CLANG_ENABLE_OBJC_ARC = YES;
				CLANG_ENABLE_OBJC_WEAK = YES;
				CLANG_WARN_BLOCK_CAPTURE_AUTORELEASING = YES;
				CLANG_WARN_BOOL_CONVERSION = YES;
				CLANG_WARN_COMMA = YES;
				CLANG_WARN_CONSTANT_CONVERSION = YES;
				CLANG_WARN_DEPRECATED_OBJC_IMPLEMENTATIONS = YES;
				CLANG_WARN_DIRECT_OBJC_ISA_USAGE = YES_ERROR;
				CLANG_WARN_DOCUMENTATION_COMMENTS = YES;
				CLANG_WARN_EMPTY_BODY = YES;
				CLANG_WARN_ENUM_CONVERSION = YES;
				CLANG_WARN_INFINITE_RECURSION = YES;
				CLANG_WARN_INT_CONVERSION = YES;
				CLANG_WARN_NON_LITERAL_NULL_CONVERSION = YES;
				CLANG_WARN_OBJC_IMPLICIT_RETAIN_SELF = YES;
				CLANG_WARN_OBJC_LITERAL_CONVERSION = YES;
				CLANG_WARN_OBJC_ROOT_CLASS = YES_ERROR;
				CLANG_WARN_QUOTED_INCLUDE_IN_FRAMEWORK_HEADER = YES;
				CLANG_WARN_RANGE_LOOP_ANALYSIS = YES;
				CLANG_WARN_STRICT_PROTOTYPES = YES;
				CLANG_WARN_SUSPICIOUS_MOVE = YES;
				CLANG_WARN_UNGUARDED_AVAILABILITY = YES_AGGRESSIVE;
				CLANG_WARN_UNREACHABLE_CODE = YES;
				CLANG_WARN__DUPLICATE_METHOD_MATCH = YES;
				COPY_PHASE_STRIP = NO;
				DEBUG_INFORMATION_FORMAT = dwarf;
				ENABLE_STRICT_OBJC_MSGSEND = YES;
				ENABLE_TESTABILITY = YES;
				ENABLE_USER_SCRIPT_SANDBOXING = YES;
				GCC_C_LANGUAGE_STANDARD = gnu17;
				GCC_DYNAMIC_NO_PIC = NO;
				GCC_NO_COMMON_BLOCKS = YES;
				GCC_OPTIMIZATION_LEVEL = 0;
				GCC_PREPROCESSOR_DEFINITIONS = (
					"DEBUG=1",
					"$(inherited)",
				);
				GCC_WARN_64_TO_32_BIT_CONVERSION = YES;
				GCC_WARN_ABOUT_RETURN_TYPE = YES_ERROR;
				GCC_WARN_UNDECLARED_SELECTOR = YES;
				GCC_WARN_UNINITIALIZED_AUTOS = YES_AGGRESSIVE;
				GCC_WARN_UNUSED_FUNCTION = YES;
				GCC_WARN_UNUSED_VARIABLE = YES;
				IPHONEOS_DEPLOYMENT_TARGET = 18.4;
				LOCALIZATION_PREFERS_STRING_CATALOGS = YES;
				MTL_ENABLE_DEBUG_INFO = INCLUDE_SOURCE;
				MTL_FAST_MATH = YES;
				ONLY_ACTIVE_ARCH = YES;
				SDKROOT = iphoneos;
				SWIFT_ACTIVE_COMPILATION_CONDITIONS = "DEBUG $(inherited)";
				SWIFT_OPTIMIZATION_LEVEL = "-Onone";
			};
			name = Debug;
		};
		2D7BB7842DC2BAF100840843 /* Release */ = {
			isa = XCBuildConfiguration;
			buildSettings = {
				ALWAYS_SEARCH_USER_PATHS = NO;
				ASSETCATALOG_COMPILER_GENERATE_SWIFT_ASSET_SYMBOL_EXTENSIONS = YES;
				CLANG_ANALYZER_NONNULL = YES;
				CLANG_ANALYZER_NUMBER_OBJECT_CONVERSION = YES_AGGRESSIVE;
				CLANG_CXX_LANGUAGE_STANDARD = "gnu++20";
				CLANG_ENABLE_MODULES = YES;
				CLANG_ENABLE_OBJC_ARC = YES;
				CLANG_ENABLE_OBJC_WEAK = YES;
				CLANG_WARN_BLOCK_CAPTURE_AUTORELEASING = YES;
				CLANG_WARN_BOOL_CONVERSION = YES;
				CLANG_WARN_COMMA = YES;
				CLANG_WARN_CONSTANT_CONVERSION = YES;
				CLANG_WARN_DEPRECATED_OBJC_IMPLEMENTATIONS = YES;
				CLANG_WARN_DIRECT_OBJC_ISA_USAGE = YES_ERROR;
				CLANG_WARN_DOCUMENTATION_COMMENTS = YES;
				CLANG_WARN_EMPTY_BODY = YES;
				CLANG_WARN_ENUM_CONVERSION = YES;
				CLANG_WARN_INFINITE_RECURSION = YES;
				CLANG_WARN_INT_CONVERSION = YES;
				CLANG_WARN_NON_LITERAL_NULL_CONVERSION = YES;
				CLANG_WARN_OBJC_IMPLICIT_RETAIN_SELF = YES;
				CLANG_WARN_OBJC_LITERAL_CONVERSION = YES;
				CLANG_WARN_OBJC_ROOT_CLASS = YES_ERROR;
				CLANG_WARN_QUOTED_INCLUDE_IN_FRAMEWORK_HEADER = YES;
				CLANG_WARN_RANGE_LOOP_ANALYSIS = YES;
				CLANG_WARN_STRICT_PROTOTYPES = YES;
				CLANG_WARN_SUSPICIOUS_MOVE = YES;
				CLANG_WARN_UNGUARDED_AVAILABILITY = YES_AGGRESSIVE;
				CLANG_WARN_UNREACHABLE_CODE = YES;
				CLANG_WARN__DUPLICATE_METHOD_MATCH = YES;
				COPY_PHASE_STRIP = NO;
				DEBUG_INFORMATION_FORMAT = "dwarf-with-dsym";
				ENABLE_NS_ASSERTIONS = NO;
				ENABLE_STRICT_OBJC_MSGSEND = YES;
				ENABLE_USER_SCRIPT_SANDBOXING = YES;
				GCC_C_LANGUAGE_STANDARD = gnu17;
				GCC_NO_COMMON_BLOCKS = YES;
				GCC_WARN_64_TO_32_BIT_CONVERSION = YES;
				GCC_WARN_ABOUT_RETURN_TYPE = YES_ERROR;
				GCC_WARN_UNDECLARED_SELECTOR = YES;
				GCC_WARN_UNINITIALIZED_AUTOS = YES_AGGRESSIVE;
				GCC_WARN_UNUSED_FUNCTION = YES;
				GCC_WARN_UNUSED_VARIABLE = YES;
				IPHONEOS_DEPLOYMENT_TARGET = 18.4;
				LOCALIZATION_PREFERS_STRING_CATALOGS = YES;
				MTL_ENABLE_DEBUG_INFO = NO;
				MTL_FAST_MATH = YES;
				SDKROOT = iphoneos;
				SWIFT_COMPILATION_MODE = wholemodule;
				VALIDATE_PRODUCT = YES;
			};
			name = Release;
		};
		2D7BB7862DC2BAF100840843 /* Debug */ = {
			isa = XCBuildConfiguration;
			buildSettings = {
				ASSETCATALOG_COMPILER_APPICON_NAME = AppIcon;
				ASSETCATALOG_COMPILER_GLOBAL_ACCENT_COLOR_NAME = AccentColor;
				CODE_SIGN_STYLE = Automatic;
				CURRENT_PROJECT_VERSION = 1;
				DEVELOPMENT_TEAM = BL9H4P7BNG;
				ENABLE_PREVIEWS = YES;
				GENERATE_INFOPLIST_FILE = YES;
				INFOPLIST_KEY_UIApplicationSceneManifest_Generation = YES;
				INFOPLIST_KEY_UIApplicationSupportsIndirectInputEvents = YES;
				INFOPLIST_KEY_UILaunchScreen_Generation = YES;
				INFOPLIST_KEY_UISupportedInterfaceOrientations_iPad = "UIInterfaceOrientationPortrait UIInterfaceOrientationPortraitUpsideDown UIInterfaceOrientationLandscapeLeft UIInterfaceOrientationLandscapeRight";
				INFOPLIST_KEY_UISupportedInterfaceOrientations_iPhone = "UIInterfaceOrientationPortrait UIInterfaceOrientationLandscapeLeft UIInterfaceOrientationLandscapeRight";
				LD_RUNPATH_SEARCH_PATHS = (
					"$(inherited)",
					"@executable_path/Frameworks",
				);
				MARKETING_VERSION = 1.0;
				PRODUCT_BUNDLE_IDENTIFIER = com.yonatan.ToDoList;
				PRODUCT_NAME = "$(TARGET_NAME)";
				SWIFT_EMIT_LOC_STRINGS = YES;
				SWIFT_VERSION = 5.0;
				TARGETED_DEVICE_FAMILY = "1,2";
			};
			name = Debug;
		};
		2D7BB7872DC2BAF100840843 /* Release */ = {
			isa = XCBuildConfiguration;
			buildSettings = {
				ASSETCATALOG_COMPILER_APPICON_NAME = AppIcon;
				ASSETCATALOG_COMPILER_GLOBAL_ACCENT_COLOR_NAME = AccentColor;
				CODE_SIGN_STYLE = Automatic;
				CURRENT_PROJECT_VERSION = 1;
				DEVELOPMENT_TEAM = BL9H4P7BNG;
				ENABLE_PREVIEWS = YES;
				GENERATE_INFOPLIST_FILE = YES;
				INFOPLIST_KEY_UIApplicationSceneManifest_Generation = YES;
				INFOPLIST_KEY_UIApplicationSupportsIndirectInputEvents = YES;
				INFOPLIST_KEY_UILaunchScreen_Generation = YES;
				INFOPLIST_KEY_UISupportedInterfaceOrientations_iPad = "UIInterfaceOrientationPortrait UIInterfaceOrientationPortraitUpsideDown UIInterfaceOrientationLandscapeLeft UIInterfaceOrientationLandscapeRight";
				INFOPLIST_KEY_UISupportedInterfaceOrientations_iPhone = "UIInterfaceOrientationPortrait UIInterfaceOrientationLandscapeLeft UIInterfaceOrientationLandscapeRight";
				LD_RUNPATH_SEARCH_PATHS = (
					"$(inherited)",
					"@executable_path/Frameworks",
				);
				MARKETING_VERSION = 1.0;
				PRODUCT_BUNDLE_IDENTIFIER = com.yonatan.ToDoList;
				PRODUCT_NAME = "$(TARGET_NAME)";
				SWIFT_EMIT_LOC_STRINGS = YES;
				SWIFT_VERSION = 5.0;
				TARGETED_DEVICE_FAMILY = "1,2";
			};
			name = Release;
		};
		2D7BB7892DC2BAF100840843 /* Debug */ = {
			isa = XCBuildConfiguration;
			buildSettings = {
				BUNDLE_LOADER = "$(TEST_HOST)";
				CODE_SIGN_STYLE = Automatic;
				CURRENT_PROJECT_VERSION = 1;
				GENERATE_INFOPLIST_FILE = YES;
				IPHONEOS_DEPLOYMENT_TARGET = 18.4;
				MARKETING_VERSION = 1.0;
				PRODUCT_BUNDLE_IDENTIFIER = todolist.ToDoListTests;
				PRODUCT_NAME = "$(TARGET_NAME)";
				SWIFT_EMIT_LOC_STRINGS = NO;
				SWIFT_VERSION = 5.0;
				TARGETED_DEVICE_FAMILY = "1,2";
				TEST_HOST = "$(BUILT_PRODUCTS_DIR)/Taskify.app/$(BUNDLE_EXECUTABLE_FOLDER_PATH)/Taskify";
			};
			name = Debug;
		};
		2D7BB78A2DC2BAF100840843 /* Release */ = {
			isa = XCBuildConfiguration;
			buildSettings = {
				BUNDLE_LOADER = "$(TEST_HOST)";
				CODE_SIGN_STYLE = Automatic;
				CURRENT_PROJECT_VERSION = 1;
				GENERATE_INFOPLIST_FILE = YES;
				IPHONEOS_DEPLOYMENT_TARGET = 18.4;
				MARKETING_VERSION = 1.0;
				PRODUCT_BUNDLE_IDENTIFIER = todolist.ToDoListTests;
				PRODUCT_NAME = "$(TARGET_NAME)";
				SWIFT_EMIT_LOC_STRINGS = NO;
				SWIFT_VERSION = 5.0;
				TARGETED_DEVICE_FAMILY = "1,2";
				TEST_HOST = "$(BUILT_PRODUCTS_DIR)/Taskify.app/$(BUNDLE_EXECUTABLE_FOLDER_PATH)/Taskify";
			};
			name = Release;
		};
		2D7BB78C2DC2BAF100840843 /* Debug */ = {
			isa = XCBuildConfiguration;
			buildSettings = {
				CODE_SIGN_STYLE = Automatic;
				CURRENT_PROJECT_VERSION = 1;
				GENERATE_INFOPLIST_FILE = YES;
				MARKETING_VERSION = 1.0;
				PRODUCT_BUNDLE_IDENTIFIER = todolist.ToDoListUITests;
				PRODUCT_NAME = "$(TARGET_NAME)";
				SWIFT_EMIT_LOC_STRINGS = NO;
				SWIFT_VERSION = 5.0;
				TARGETED_DEVICE_FAMILY = "1,2";
				TEST_TARGET_NAME = ToDoList;
			};
			name = Debug;
		};
		2D7BB78D2DC2BAF100840843 /* Release */ = {
			isa = XCBuildConfiguration;
			buildSettings = {
				CODE_SIGN_STYLE = Automatic;
				CURRENT_PROJECT_VERSION = 1;
				GENERATE_INFOPLIST_FILE = YES;
				MARKETING_VERSION = 1.0;
				PRODUCT_BUNDLE_IDENTIFIER = todolist.ToDoListUITests;
				PRODUCT_NAME = "$(TARGET_NAME)";
				SWIFT_EMIT_LOC_STRINGS = NO;
				SWIFT_VERSION = 5.0;
				TARGETED_DEVICE_FAMILY = "1,2";
				TEST_TARGET_NAME = ToDoList;
			};
			name = Release;
		};
/* End XCBuildConfiguration section */

/* Begin XCConfigurationList section */
		2D7BB75F2DC2BAF000840843 /* Build configuration list for PBXProject "Taskify" */ = {
			isa = XCConfigurationList;
			buildConfigurations = (
				2D7BB7832DC2BAF100840843 /* Debug */,
				2D7BB7842DC2BAF100840843 /* Release */,
			);
			defaultConfigurationIsVisible = 0;
			defaultConfigurationName = Release;
		};
		2D7BB7852DC2BAF100840843 /* Build configuration list for PBXNativeTarget "Taskify" */ = {
			isa = XCConfigurationList;
			buildConfigurations = (
				2D7BB7862DC2BAF100840843 /* Debug */,
				2D7BB7872DC2BAF100840843 /* Release */,
			);
			defaultConfigurationIsVisible = 0;
			defaultConfigurationName = Release;
		};
		2D7BB7882DC2BAF100840843 /* Build configuration list for PBXNativeTarget "TaskifyTests" */ = {
			isa = XCConfigurationList;
			buildConfigurations = (
				2D7BB7892DC2BAF100840843 /* Debug */,
				2D7BB78A2DC2BAF100840843 /* Release */,
			);
			defaultConfigurationIsVisible = 0;
			defaultConfigurationName = Release;
		};
		2D7BB78B2DC2BAF100840843 /* Build configuration list for PBXNativeTarget "TaskifyUITests" */ = {
			isa = XCConfigurationList;
			buildConfigurations = (
				2D7BB78C2DC2BAF100840843 /* Debug */,
				2D7BB78D2DC2BAF100840843 /* Release */,
			);
			defaultConfigurationIsVisible = 0;
			defaultConfigurationName = Release;
		};
/* End XCConfigurationList section */

/* Begin XCRemoteSwiftPackageReference section */
		2D015F442DC66F9D00BA53B1 /* XCRemoteSwiftPackageReference "ElegantCalendar" */ = {
			isa = XCRemoteSwiftPackageReference;
			repositoryURL = "https://github.com/ThasianX/ElegantCalendar";
			requirement = {
				kind = upToNextMajorVersion;
				minimumVersion = 4.3.2;
			};
		};
		2D015F472DC671CF00BA53B1 /* XCRemoteSwiftPackageReference "SwiftUICalendar" */ = {
			isa = XCRemoteSwiftPackageReference;
			repositoryURL = "https://github.com/GGJJack/SwiftUICalendar";
			requirement = {
				kind = upToNextMajorVersion;
				minimumVersion = 0.1.14;
			};
		};
/* End XCRemoteSwiftPackageReference section */

/* Begin XCSwiftPackageProductDependency section */
		2D015F452DC66FC800BA53B1 /* ElegantCalendar */ = {
			isa = XCSwiftPackageProductDependency;
			package = 2D015F442DC66F9D00BA53B1 /* XCRemoteSwiftPackageReference "ElegantCalendar" */;
			productName = ElegantCalendar;
		};
		2D015F482DC6722600BA53B1 /* SwiftUICalendar */ = {
			isa = XCSwiftPackageProductDependency;
			package = 2D015F472DC671CF00BA53B1 /* XCRemoteSwiftPackageReference "SwiftUICalendar" */;
			productName = SwiftUICalendar;
		};
/* End XCSwiftPackageProductDependency section */
	};
	rootObject = 2D7BB75C2DC2BAF000840843 /* Project object */;
}
